// !$*UTF8*$!
{
	archiveVersion = 1;
	classes = {
	};
	objectVersion = 55;
	objects = {

/* Begin PBXBuildFile section */
		2717F6F2289EABDF003D2AB5 /* NewTodoCell.swift in Sources */ = {isa = PBXBuildFile; fileRef = 2717F6F1289EABDF003D2AB5 /* NewTodoCell.swift */; };
		2717F6F4289FB791003D2AB5 /* TodoItemViewModel.swift in Sources */ = {isa = PBXBuildFile; fileRef = 2717F6F3289FB791003D2AB5 /* TodoItemViewModel.swift */; };
		2751FC0828958BBB004C8C1C /* AppDelegate.swift in Sources */ = {isa = PBXBuildFile; fileRef = 2751FC0728958BBB004C8C1C /* AppDelegate.swift */; };
		2751FC0A28958BBB004C8C1C /* SceneDelegate.swift in Sources */ = {isa = PBXBuildFile; fileRef = 2751FC0928958BBB004C8C1C /* SceneDelegate.swift */; };
		2751FC1128958BBF004C8C1C /* Assets.xcassets in Resources */ = {isa = PBXBuildFile; fileRef = 2751FC1028958BBF004C8C1C /* Assets.xcassets */; };
		2751FC1428958BBF004C8C1C /* LaunchScreen.storyboard in Resources */ = {isa = PBXBuildFile; fileRef = 2751FC1228958BBF004C8C1C /* LaunchScreen.storyboard */; };
		2751FC1D28958F37004C8C1C /* TodoItem.swift in Sources */ = {isa = PBXBuildFile; fileRef = 2751FC1C28958F37004C8C1C /* TodoItem.swift */; };
		2751FC1F28958F5C004C8C1C /* FileCache.swift in Sources */ = {isa = PBXBuildFile; fileRef = 2751FC1E28958F5C004C8C1C /* FileCache.swift */; };
		27579710289B635C00E35B20 /* TodoListViewController.swift in Sources */ = {isa = PBXBuildFile; fileRef = 2757970F289B635C00E35B20 /* TodoListViewController.swift */; };
		27579714289B89EC00E35B20 /* TodoListHeaderView.swift in Sources */ = {isa = PBXBuildFile; fileRef = 27579713289B89EC00E35B20 /* TodoListHeaderView.swift */; };
		27579716289B8A2000E35B20 /* CheckControl.swift in Sources */ = {isa = PBXBuildFile; fileRef = 27579715289B8A2000E35B20 /* CheckControl.swift */; };
		27579718289B8A4500E35B20 /* TodoCell.swift in Sources */ = {isa = PBXBuildFile; fileRef = 27579717289B8A4500E35B20 /* TodoCell.swift */; };
		2757971A289B8A6000E35B20 /* AddTodoControl.swift in Sources */ = {isa = PBXBuildFile; fileRef = 27579719289B8A6000E35B20 /* AddTodoControl.swift */; };
		2757971C289B8B6E00E35B20 /* TodoCellViewModel.swift in Sources */ = {isa = PBXBuildFile; fileRef = 2757971B289B8B6E00E35B20 /* TodoCellViewModel.swift */; };
		27579720289E53B600E35B20 /* PresentFromCellAnimator.swift in Sources */ = {isa = PBXBuildFile; fileRef = 2757971F289E53B600E35B20 /* PresentFromCellAnimator.swift */; };
		2771AD5A28A50926002C0AD7 /* Podfile in Resources */ = {isa = PBXBuildFile; fileRef = 2771AD5928A50926002C0AD7 /* Podfile */; };
		27D880CA289A4D9700991016 /* CreateTodoViewController.swift in Sources */ = {isa = PBXBuildFile; fileRef = 27D880C9289A4D9700991016 /* CreateTodoViewController.swift */; };
		27D880CC289A4EC400991016 /* TextViewWithPlaceholder.swift in Sources */ = {isa = PBXBuildFile; fileRef = 27D880CB289A4EC400991016 /* TextViewWithPlaceholder.swift */; };
		27D880D4289A514300991016 /* DeadLineView.swift in Sources */ = {isa = PBXBuildFile; fileRef = 27D880D3289A514300991016 /* DeadLineView.swift */; };
		27D880D6289A514900991016 /* PriorityView.swift in Sources */ = {isa = PBXBuildFile; fileRef = 27D880D5289A514900991016 /* PriorityView.swift */; };
		27F6DA872896D99C001EDAF6 /* todo_listTests.swift in Sources */ = {isa = PBXBuildFile; fileRef = 27F6DA862896D99C001EDAF6 /* todo_listTests.swift */; };
		894B970FF4CBEAAE1F668786 /* Pods_todo_list.framework in Frameworks */ = {isa = PBXBuildFile; fileRef = 77A5880DE19ED454204B45B2 /* Pods_todo_list.framework */; };
/* End PBXBuildFile section */

/* Begin PBXContainerItemProxy section */
		27F6DA882896D99C001EDAF6 /* PBXContainerItemProxy */ = {
			isa = PBXContainerItemProxy;
			containerPortal = 2751FBFC28958BBA004C8C1C /* Project object */;
			proxyType = 1;
			remoteGlobalIDString = 2751FC0328958BBB004C8C1C;
			remoteInfo = "todo-list";
		};
/* End PBXContainerItemProxy section */

/* Begin PBXFileReference section */
		1425E6BF8770C3918F82FF89 /* Pods-todo-list.debug.xcconfig */ = {isa = PBXFileReference; includeInIndex = 1; lastKnownFileType = text.xcconfig; name = "Pods-todo-list.debug.xcconfig"; path = "Target Support Files/Pods-todo-list/Pods-todo-list.debug.xcconfig"; sourceTree = "<group>"; };
		2717F6F1289EABDF003D2AB5 /* NewTodoCell.swift */ = {isa = PBXFileReference; lastKnownFileType = sourcecode.swift; path = NewTodoCell.swift; sourceTree = "<group>"; };
		2717F6F3289FB791003D2AB5 /* TodoItemViewModel.swift */ = {isa = PBXFileReference; lastKnownFileType = sourcecode.swift; path = TodoItemViewModel.swift; sourceTree = "<group>"; };
		2751FC0428958BBB004C8C1C /* todo-list.app */ = {isa = PBXFileReference; explicitFileType = wrapper.application; includeInIndex = 0; path = "todo-list.app"; sourceTree = BUILT_PRODUCTS_DIR; };
		2751FC0728958BBB004C8C1C /* AppDelegate.swift */ = {isa = PBXFileReference; lastKnownFileType = sourcecode.swift; path = AppDelegate.swift; sourceTree = "<group>"; };
		2751FC0928958BBB004C8C1C /* SceneDelegate.swift */ = {isa = PBXFileReference; lastKnownFileType = sourcecode.swift; path = SceneDelegate.swift; sourceTree = "<group>"; };
		2751FC1028958BBF004C8C1C /* Assets.xcassets */ = {isa = PBXFileReference; lastKnownFileType = folder.assetcatalog; path = Assets.xcassets; sourceTree = "<group>"; };
		2751FC1328958BBF004C8C1C /* Base */ = {isa = PBXFileReference; lastKnownFileType = file.storyboard; name = Base; path = Base.lproj/LaunchScreen.storyboard; sourceTree = "<group>"; };
		2751FC1528958BBF004C8C1C /* Info.plist */ = {isa = PBXFileReference; lastKnownFileType = text.plist.xml; path = Info.plist; sourceTree = "<group>"; };
		2751FC1C28958F37004C8C1C /* TodoItem.swift */ = {isa = PBXFileReference; lastKnownFileType = sourcecode.swift; path = TodoItem.swift; sourceTree = "<group>"; };
		2751FC1E28958F5C004C8C1C /* FileCache.swift */ = {isa = PBXFileReference; lastKnownFileType = sourcecode.swift; path = FileCache.swift; sourceTree = "<group>"; };
		2757970F289B635C00E35B20 /* TodoListViewController.swift */ = {isa = PBXFileReference; lastKnownFileType = sourcecode.swift; path = TodoListViewController.swift; sourceTree = "<group>"; };
		27579713289B89EC00E35B20 /* TodoListHeaderView.swift */ = {isa = PBXFileReference; lastKnownFileType = sourcecode.swift; path = TodoListHeaderView.swift; sourceTree = "<group>"; };
		27579715289B8A2000E35B20 /* CheckControl.swift */ = {isa = PBXFileReference; lastKnownFileType = sourcecode.swift; path = CheckControl.swift; sourceTree = "<group>"; };
		27579717289B8A4500E35B20 /* TodoCell.swift */ = {isa = PBXFileReference; lastKnownFileType = sourcecode.swift; path = TodoCell.swift; sourceTree = "<group>"; };
		27579719289B8A6000E35B20 /* AddTodoControl.swift */ = {isa = PBXFileReference; lastKnownFileType = sourcecode.swift; path = AddTodoControl.swift; sourceTree = "<group>"; };
		2757971B289B8B6E00E35B20 /* TodoCellViewModel.swift */ = {isa = PBXFileReference; lastKnownFileType = sourcecode.swift; path = TodoCellViewModel.swift; sourceTree = "<group>"; };
		2757971F289E53B600E35B20 /* PresentFromCellAnimator.swift */ = {isa = PBXFileReference; lastKnownFileType = sourcecode.swift; path = PresentFromCellAnimator.swift; sourceTree = "<group>"; };
		2771AD5928A50926002C0AD7 /* Podfile */ = {isa = PBXFileReference; lastKnownFileType = text; path = Podfile; sourceTree = "<group>"; xcLanguageSpecificationIdentifier = xcode.lang.ruby; };
		27D880C9289A4D9700991016 /* CreateTodoViewController.swift */ = {isa = PBXFileReference; lastKnownFileType = sourcecode.swift; path = CreateTodoViewController.swift; sourceTree = "<group>"; };
		27D880CB289A4EC400991016 /* TextViewWithPlaceholder.swift */ = {isa = PBXFileReference; fileEncoding = 4; lastKnownFileType = sourcecode.swift; path = TextViewWithPlaceholder.swift; sourceTree = "<group>"; };
		27D880D3289A514300991016 /* DeadLineView.swift */ = {isa = PBXFileReference; fileEncoding = 4; lastKnownFileType = sourcecode.swift; path = DeadLineView.swift; sourceTree = "<group>"; };
		27D880D5289A514900991016 /* PriorityView.swift */ = {isa = PBXFileReference; fileEncoding = 4; lastKnownFileType = sourcecode.swift; path = PriorityView.swift; sourceTree = "<group>"; };
		27F6DA842896D99C001EDAF6 /* todo-listTests.xctest */ = {isa = PBXFileReference; explicitFileType = wrapper.cfbundle; includeInIndex = 0; path = "todo-listTests.xctest"; sourceTree = BUILT_PRODUCTS_DIR; };
		27F6DA862896D99C001EDAF6 /* todo_listTests.swift */ = {isa = PBXFileReference; lastKnownFileType = sourcecode.swift; path = todo_listTests.swift; sourceTree = "<group>"; };
		6942CACC2E6117CB0BC2A409 /* Pods-todo-list.release.xcconfig */ = {isa = PBXFileReference; includeInIndex = 1; lastKnownFileType = text.xcconfig; name = "Pods-todo-list.release.xcconfig"; path = "Target Support Files/Pods-todo-list/Pods-todo-list.release.xcconfig"; sourceTree = "<group>"; };
		77A5880DE19ED454204B45B2 /* Pods_todo_list.framework */ = {isa = PBXFileReference; explicitFileType = wrapper.framework; includeInIndex = 0; path = Pods_todo_list.framework; sourceTree = BUILT_PRODUCTS_DIR; };
/* End PBXFileReference section */

/* Begin PBXFrameworksBuildPhase section */
		2751FC0128958BBB004C8C1C /* Frameworks */ = {
			isa = PBXFrameworksBuildPhase;
			buildActionMask = 2147483647;
			files = (
				894B970FF4CBEAAE1F668786 /* Pods_todo_list.framework in Frameworks */,
			);
			runOnlyForDeploymentPostprocessing = 0;
		};
		27F6DA812896D99C001EDAF6 /* Frameworks */ = {
			isa = PBXFrameworksBuildPhase;
			buildActionMask = 2147483647;
			files = (
			);
			runOnlyForDeploymentPostprocessing = 0;
		};
/* End PBXFrameworksBuildPhase section */

/* Begin PBXGroup section */
		2751FBFB28958BBA004C8C1C = {
			isa = PBXGroup;
			children = (
				2771AD5928A50926002C0AD7 /* Podfile */,
				2751FC0628958BBB004C8C1C /* todo-list */,
				27F6DA852896D99C001EDAF6 /* todo-listTests */,
				2751FC0528958BBB004C8C1C /* Products */,
				F1AE29DBBD41C0F9546DD4C0 /* Pods */,
				913F311E2D90839A9450C835 /* Frameworks */,
			);
			sourceTree = "<group>";
		};
		2751FC0528958BBB004C8C1C /* Products */ = {
			isa = PBXGroup;
			children = (
				2751FC0428958BBB004C8C1C /* todo-list.app */,
				27F6DA842896D99C001EDAF6 /* todo-listTests.xctest */,
			);
			name = Products;
			sourceTree = "<group>";
		};
		2751FC0628958BBB004C8C1C /* todo-list */ = {
			isa = PBXGroup;
			children = (
				2751FC1B28958EED004C8C1C /* Models */,
				277D5F6228971F73004021BE /* App */,
				277D5F5A28971EC0004021BE /* Controllers */,
				2751FC1028958BBF004C8C1C /* Assets.xcassets */,
				2751FC1228958BBF004C8C1C /* LaunchScreen.storyboard */,
				2751FC1528958BBF004C8C1C /* Info.plist */,
			);
			path = "todo-list";
			sourceTree = "<group>";
		};
		2751FC1B28958EED004C8C1C /* Models */ = {
			isa = PBXGroup;
			children = (
				2751FC1C28958F37004C8C1C /* TodoItem.swift */,
				2751FC1E28958F5C004C8C1C /* FileCache.swift */,
			);
			path = Models;
			sourceTree = "<group>";
		};
		27579711289B89B700E35B20 /* CreateTodo */ = {
			isa = PBXGroup;
			children = (
				27D880C9289A4D9700991016 /* CreateTodoViewController.swift */,
				2717F6F3289FB791003D2AB5 /* TodoItemViewModel.swift */,
				27D880CB289A4EC400991016 /* TextViewWithPlaceholder.swift */,
				27D880D3289A514300991016 /* DeadLineView.swift */,
				27D880D5289A514900991016 /* PriorityView.swift */,
			);
			path = CreateTodo;
			sourceTree = "<group>";
		};
		27579712289B89D900E35B20 /* TodoList */ = {
			isa = PBXGroup;
			children = (
				2757970F289B635C00E35B20 /* TodoListViewController.swift */,
				27579713289B89EC00E35B20 /* TodoListHeaderView.swift */,
				27579719289B8A6000E35B20 /* AddTodoControl.swift */,
				27579715289B8A2000E35B20 /* CheckControl.swift */,
				2717F6F1289EABDF003D2AB5 /* NewTodoCell.swift */,
				27579717289B8A4500E35B20 /* TodoCell.swift */,
				2757971B289B8B6E00E35B20 /* TodoCellViewModel.swift */,
				2757971F289E53B600E35B20 /* PresentFromCellAnimator.swift */,
			);
			path = TodoList;
			sourceTree = "<group>";
		};
		277D5F5A28971EC0004021BE /* Controllers */ = {
			isa = PBXGroup;
			children = (
				27579712289B89D900E35B20 /* TodoList */,
				27579711289B89B700E35B20 /* CreateTodo */,
			);
			path = Controllers;
			sourceTree = "<group>";
		};
		277D5F6228971F73004021BE /* App */ = {
			isa = PBXGroup;
			children = (
				2751FC0728958BBB004C8C1C /* AppDelegate.swift */,
				2751FC0928958BBB004C8C1C /* SceneDelegate.swift */,
			);
			path = App;
			sourceTree = "<group>";
		};
		27F6DA852896D99C001EDAF6 /* todo-listTests */ = {
			isa = PBXGroup;
			children = (
				27F6DA862896D99C001EDAF6 /* todo_listTests.swift */,
			);
			path = "todo-listTests";
			sourceTree = "<group>";
		};
		913F311E2D90839A9450C835 /* Frameworks */ = {
			isa = PBXGroup;
			children = (
				77A5880DE19ED454204B45B2 /* Pods_todo_list.framework */,
			);
			name = Frameworks;
			sourceTree = "<group>";
		};
		F1AE29DBBD41C0F9546DD4C0 /* Pods */ = {
			isa = PBXGroup;
			children = (
				1425E6BF8770C3918F82FF89 /* Pods-todo-list.debug.xcconfig */,
				6942CACC2E6117CB0BC2A409 /* Pods-todo-list.release.xcconfig */,
			);
			path = Pods;
			sourceTree = "<group>";
		};
/* End PBXGroup section */

/* Begin PBXNativeTarget section */
		2751FC0328958BBB004C8C1C /* todo-list */ = {
			isa = PBXNativeTarget;
			buildConfigurationList = 2751FC1828958BBF004C8C1C /* Build configuration list for PBXNativeTarget "todo-list" */;
			buildPhases = (
				5DFFD82EFB0F9BE70360AE4E /* [CP] Check Pods Manifest.lock */,
				2751FC0028958BBB004C8C1C /* Sources */,
				2751FC0128958BBB004C8C1C /* Frameworks */,
				2751FC0228958BBB004C8C1C /* Resources */,
				3250BF6281B6648DDDA3982D /* [CP] Embed Pods Frameworks */,
			);
			buildRules = (
			);
			dependencies = (
			);
			name = "todo-list";
			productName = "todo-list";
			productReference = 2751FC0428958BBB004C8C1C /* todo-list.app */;
			productType = "com.apple.product-type.application";
		};
		27F6DA832896D99C001EDAF6 /* todo-listTests */ = {
			isa = PBXNativeTarget;
			buildConfigurationList = 27F6DA8C2896D99C001EDAF6 /* Build configuration list for PBXNativeTarget "todo-listTests" */;
			buildPhases = (
				27F6DA802896D99C001EDAF6 /* Sources */,
				27F6DA812896D99C001EDAF6 /* Frameworks */,
				27F6DA822896D99C001EDAF6 /* Resources */,
			);
			buildRules = (
			);
			dependencies = (
				27F6DA892896D99C001EDAF6 /* PBXTargetDependency */,
			);
			name = "todo-listTests";
			productName = "todo-listTests";
			productReference = 27F6DA842896D99C001EDAF6 /* todo-listTests.xctest */;
			productType = "com.apple.product-type.bundle.unit-test";
		};
/* End PBXNativeTarget section */

/* Begin PBXProject section */
		2751FBFC28958BBA004C8C1C /* Project object */ = {
			isa = PBXProject;
			attributes = {
				BuildIndependentTargetsInParallel = 1;
				LastSwiftUpdateCheck = 1340;
				LastUpgradeCheck = 1340;
				TargetAttributes = {
					2751FC0328958BBB004C8C1C = {
						CreatedOnToolsVersion = 13.4.1;
					};
					27F6DA832896D99C001EDAF6 = {
						CreatedOnToolsVersion = 13.4.1;
						TestTargetID = 2751FC0328958BBB004C8C1C;
					};
				};
			};
			buildConfigurationList = 2751FBFF28958BBA004C8C1C /* Build configuration list for PBXProject "todo-list" */;
			compatibilityVersion = "Xcode 13.0";
			developmentRegion = en;
			hasScannedForEncodings = 0;
			knownRegions = (
				en,
				Base,
			);
			mainGroup = 2751FBFB28958BBA004C8C1C;
			productRefGroup = 2751FC0528958BBB004C8C1C /* Products */;
			projectDirPath = "";
			projectRoot = "";
			targets = (
				2751FC0328958BBB004C8C1C /* todo-list */,
				27F6DA832896D99C001EDAF6 /* todo-listTests */,
			);
		};
/* End PBXProject section */

/* Begin PBXResourcesBuildPhase section */
		2751FC0228958BBB004C8C1C /* Resources */ = {
			isa = PBXResourcesBuildPhase;
			buildActionMask = 2147483647;
			files = (
				2771AD5A28A50926002C0AD7 /* Podfile in Resources */,
				2751FC1428958BBF004C8C1C /* LaunchScreen.storyboard in Resources */,
				2751FC1128958BBF004C8C1C /* Assets.xcassets in Resources */,
			);
			runOnlyForDeploymentPostprocessing = 0;
		};
		27F6DA822896D99C001EDAF6 /* Resources */ = {
			isa = PBXResourcesBuildPhase;
			buildActionMask = 2147483647;
			files = (
			);
			runOnlyForDeploymentPostprocessing = 0;
		};
/* End PBXResourcesBuildPhase section */

/* Begin PBXShellScriptBuildPhase section */
		3250BF6281B6648DDDA3982D /* [CP] Embed Pods Frameworks */ = {
			isa = PBXShellScriptBuildPhase;
			buildActionMask = 2147483647;
			files = (
			);
			inputFileListPaths = (
				"${PODS_ROOT}/Target Support Files/Pods-todo-list/Pods-todo-list-frameworks-${CONFIGURATION}-input-files.xcfilelist",
			);
			name = "[CP] Embed Pods Frameworks";
			outputFileListPaths = (
				"${PODS_ROOT}/Target Support Files/Pods-todo-list/Pods-todo-list-frameworks-${CONFIGURATION}-output-files.xcfilelist",
			);
			runOnlyForDeploymentPostprocessing = 0;
			shellPath = /bin/sh;
			shellScript = "\"${PODS_ROOT}/Target Support Files/Pods-todo-list/Pods-todo-list-frameworks.sh\"\n";
			showEnvVarsInLog = 0;
		};
		5DFFD82EFB0F9BE70360AE4E /* [CP] Check Pods Manifest.lock */ = {
			isa = PBXShellScriptBuildPhase;
			buildActionMask = 2147483647;
			files = (
			);
			inputFileListPaths = (
			);
			inputPaths = (
				"${PODS_PODFILE_DIR_PATH}/Podfile.lock",
				"${PODS_ROOT}/Manifest.lock",
			);
			name = "[CP] Check Pods Manifest.lock";
			outputFileListPaths = (
			);
			outputPaths = (
				"$(DERIVED_FILE_DIR)/Pods-todo-list-checkManifestLockResult.txt",
			);
			runOnlyForDeploymentPostprocessing = 0;
			shellPath = /bin/sh;
			shellScript = "diff \"${PODS_PODFILE_DIR_PATH}/Podfile.lock\" \"${PODS_ROOT}/Manifest.lock\" > /dev/null\nif [ $? != 0 ] ; then\n    # print error to STDERR\n    echo \"error: The sandbox is not in sync with the Podfile.lock. Run 'pod install' or update your CocoaPods installation.\" >&2\n    exit 1\nfi\n# This output is used by Xcode 'outputs' to avoid re-running this script phase.\necho \"SUCCESS\" > \"${SCRIPT_OUTPUT_FILE_0}\"\n";
			showEnvVarsInLog = 0;
		};
/* End PBXShellScriptBuildPhase section */

/* Begin PBXSourcesBuildPhase section */
		2751FC0028958BBB004C8C1C /* Sources */ = {
			isa = PBXSourcesBuildPhase;
			buildActionMask = 2147483647;
			files = (
				2751FC0828958BBB004C8C1C /* AppDelegate.swift in Sources */,
				2751FC1D28958F37004C8C1C /* TodoItem.swift in Sources */,
				27579714289B89EC00E35B20 /* TodoListHeaderView.swift in Sources */,
				2717F6F4289FB791003D2AB5 /* TodoItemViewModel.swift in Sources */,
				27D880CC289A4EC400991016 /* TextViewWithPlaceholder.swift in Sources */,
				27579718289B8A4500E35B20 /* TodoCell.swift in Sources */,
				27D880D6289A514900991016 /* PriorityView.swift in Sources */,
				2751FC1F28958F5C004C8C1C /* FileCache.swift in Sources */,
				2757971C289B8B6E00E35B20 /* TodoCellViewModel.swift in Sources */,
				27579720289E53B600E35B20 /* PresentFromCellAnimator.swift in Sources */,
				2717F6F2289EABDF003D2AB5 /* NewTodoCell.swift in Sources */,
				2751FC0A28958BBB004C8C1C /* SceneDelegate.swift in Sources */,
				27579710289B635C00E35B20 /* TodoListViewController.swift in Sources */,
				27D880CA289A4D9700991016 /* CreateTodoViewController.swift in Sources */,
				27579716289B8A2000E35B20 /* CheckControl.swift in Sources */,
				27D880D4289A514300991016 /* DeadLineView.swift in Sources */,
				2757971A289B8A6000E35B20 /* AddTodoControl.swift in Sources */,
			);
			runOnlyForDeploymentPostprocessing = 0;
		};
		27F6DA802896D99C001EDAF6 /* Sources */ = {
			isa = PBXSourcesBuildPhase;
			buildActionMask = 2147483647;
			files = (
				27F6DA872896D99C001EDAF6 /* todo_listTests.swift in Sources */,
			);
			runOnlyForDeploymentPostprocessing = 0;
		};
/* End PBXSourcesBuildPhase section */

/* Begin PBXTargetDependency section */
		27F6DA892896D99C001EDAF6 /* PBXTargetDependency */ = {
			isa = PBXTargetDependency;
			target = 2751FC0328958BBB004C8C1C /* todo-list */;
			targetProxy = 27F6DA882896D99C001EDAF6 /* PBXContainerItemProxy */;
		};
/* End PBXTargetDependency section */

/* Begin PBXVariantGroup section */
		2751FC1228958BBF004C8C1C /* LaunchScreen.storyboard */ = {
			isa = PBXVariantGroup;
			children = (
				2751FC1328958BBF004C8C1C /* Base */,
			);
			name = LaunchScreen.storyboard;
			sourceTree = "<group>";
		};
/* End PBXVariantGroup section */

/* Begin XCBuildConfiguration section */
		2751FC1628958BBF004C8C1C /* Debug */ = {
			isa = XCBuildConfiguration;
			buildSettings = {
				ALWAYS_SEARCH_USER_PATHS = NO;
				CLANG_ANALYZER_NONNULL = YES;
				CLANG_ANALYZER_NUMBER_OBJECT_CONVERSION = YES_AGGRESSIVE;
				CLANG_CXX_LANGUAGE_STANDARD = "gnu++17";
				CLANG_ENABLE_MODULES = YES;
				CLANG_ENABLE_OBJC_ARC = YES;
				CLANG_ENABLE_OBJC_WEAK = YES;
				CLANG_WARN_BLOCK_CAPTURE_AUTORELEASING = YES;
				CLANG_WARN_BOOL_CONVERSION = YES;
				CLANG_WARN_COMMA = YES;
				CLANG_WARN_CONSTANT_CONVERSION = YES;
				CLANG_WARN_DEPRECATED_OBJC_IMPLEMENTATIONS = YES;
				CLANG_WARN_DIRECT_OBJC_ISA_USAGE = YES_ERROR;
				CLANG_WARN_DOCUMENTATION_COMMENTS = YES;
				CLANG_WARN_EMPTY_BODY = YES;
				CLANG_WARN_ENUM_CONVERSION = YES;
				CLANG_WARN_INFINITE_RECURSION = YES;
				CLANG_WARN_INT_CONVERSION = YES;
				CLANG_WARN_NON_LITERAL_NULL_CONVERSION = YES;
				CLANG_WARN_OBJC_IMPLICIT_RETAIN_SELF = YES;
				CLANG_WARN_OBJC_LITERAL_CONVERSION = YES;
				CLANG_WARN_OBJC_ROOT_CLASS = YES_ERROR;
				CLANG_WARN_QUOTED_INCLUDE_IN_FRAMEWORK_HEADER = YES;
				CLANG_WARN_RANGE_LOOP_ANALYSIS = YES;
				CLANG_WARN_STRICT_PROTOTYPES = YES;
				CLANG_WARN_SUSPICIOUS_MOVE = YES;
				CLANG_WARN_UNGUARDED_AVAILABILITY = YES_AGGRESSIVE;
				CLANG_WARN_UNREACHABLE_CODE = YES;
				CLANG_WARN__DUPLICATE_METHOD_MATCH = YES;
				COPY_PHASE_STRIP = NO;
				DEBUG_INFORMATION_FORMAT = dwarf;
				ENABLE_STRICT_OBJC_MSGSEND = YES;
				ENABLE_TESTABILITY = YES;
				GCC_C_LANGUAGE_STANDARD = gnu11;
				GCC_DYNAMIC_NO_PIC = NO;
				GCC_NO_COMMON_BLOCKS = YES;
				GCC_OPTIMIZATION_LEVEL = 0;
				GCC_PREPROCESSOR_DEFINITIONS = (
					"DEBUG=1",
					"$(inherited)",
				);
				GCC_WARN_64_TO_32_BIT_CONVERSION = YES;
				GCC_WARN_ABOUT_RETURN_TYPE = YES_ERROR;
				GCC_WARN_UNDECLARED_SELECTOR = YES;
				GCC_WARN_UNINITIALIZED_AUTOS = YES_AGGRESSIVE;
				GCC_WARN_UNUSED_FUNCTION = YES;
				GCC_WARN_UNUSED_VARIABLE = YES;
				IPHONEOS_DEPLOYMENT_TARGET = 15.5;
				MTL_ENABLE_DEBUG_INFO = INCLUDE_SOURCE;
				MTL_FAST_MATH = YES;
				ONLY_ACTIVE_ARCH = YES;
				SDKROOT = iphoneos;
				SWIFT_ACTIVE_COMPILATION_CONDITIONS = DEBUG;
				SWIFT_OPTIMIZATION_LEVEL = "-Onone";
			};
			name = Debug;
		};
		2751FC1728958BBF004C8C1C /* Release */ = {
			isa = XCBuildConfiguration;
			buildSettings = {
				ALWAYS_SEARCH_USER_PATHS = NO;
				CLANG_ANALYZER_NONNULL = YES;
				CLANG_ANALYZER_NUMBER_OBJECT_CONVERSION = YES_AGGRESSIVE;
				CLANG_CXX_LANGUAGE_STANDARD = "gnu++17";
				CLANG_ENABLE_MODULES = YES;
				CLANG_ENABLE_OBJC_ARC = YES;
				CLANG_ENABLE_OBJC_WEAK = YES;
				CLANG_WARN_BLOCK_CAPTURE_AUTORELEASING = YES;
				CLANG_WARN_BOOL_CONVERSION = YES;
				CLANG_WARN_COMMA = YES;
				CLANG_WARN_CONSTANT_CONVERSION = YES;
				CLANG_WARN_DEPRECATED_OBJC_IMPLEMENTATIONS = YES;
				CLANG_WARN_DIRECT_OBJC_ISA_USAGE = YES_ERROR;
				CLANG_WARN_DOCUMENTATION_COMMENTS = YES;
				CLANG_WARN_EMPTY_BODY = YES;
				CLANG_WARN_ENUM_CONVERSION = YES;
				CLANG_WARN_INFINITE_RECURSION = YES;
				CLANG_WARN_INT_CONVERSION = YES;
				CLANG_WARN_NON_LITERAL_NULL_CONVERSION = YES;
				CLANG_WARN_OBJC_IMPLICIT_RETAIN_SELF = YES;
				CLANG_WARN_OBJC_LITERAL_CONVERSION = YES;
				CLANG_WARN_OBJC_ROOT_CLASS = YES_ERROR;
				CLANG_WARN_QUOTED_INCLUDE_IN_FRAMEWORK_HEADER = YES;
				CLANG_WARN_RANGE_LOOP_ANALYSIS = YES;
				CLANG_WARN_STRICT_PROTOTYPES = YES;
				CLANG_WARN_SUSPICIOUS_MOVE = YES;
				CLANG_WARN_UNGUARDED_AVAILABILITY = YES_AGGRESSIVE;
				CLANG_WARN_UNREACHABLE_CODE = YES;
				CLANG_WARN__DUPLICATE_METHOD_MATCH = YES;
				COPY_PHASE_STRIP = NO;
				DEBUG_INFORMATION_FORMAT = "dwarf-with-dsym";
				ENABLE_NS_ASSERTIONS = NO;
				ENABLE_STRICT_OBJC_MSGSEND = YES;
				GCC_C_LANGUAGE_STANDARD = gnu11;
				GCC_NO_COMMON_BLOCKS = YES;
				GCC_WARN_64_TO_32_BIT_CONVERSION = YES;
				GCC_WARN_ABOUT_RETURN_TYPE = YES_ERROR;
				GCC_WARN_UNDECLARED_SELECTOR = YES;
				GCC_WARN_UNINITIALIZED_AUTOS = YES_AGGRESSIVE;
				GCC_WARN_UNUSED_FUNCTION = YES;
				GCC_WARN_UNUSED_VARIABLE = YES;
				IPHONEOS_DEPLOYMENT_TARGET = 15.5;
				MTL_ENABLE_DEBUG_INFO = NO;
				MTL_FAST_MATH = YES;
				SDKROOT = iphoneos;
				SWIFT_COMPILATION_MODE = wholemodule;
				SWIFT_OPTIMIZATION_LEVEL = "-O";
				VALIDATE_PRODUCT = YES;
			};
			name = Release;
		};
		2751FC1928958BBF004C8C1C /* Debug */ = {
			isa = XCBuildConfiguration;
			baseConfigurationReference = 1425E6BF8770C3918F82FF89 /* Pods-todo-list.debug.xcconfig */;
			buildSettings = {
				ASSETCATALOG_COMPILER_APPICON_NAME = AppIcon;
				ASSETCATALOG_COMPILER_GLOBAL_ACCENT_COLOR_NAME = AccentColor;
				CODE_SIGN_STYLE = Automatic;
				CURRENT_PROJECT_VERSION = 1;
				DEVELOPMENT_TEAM = 7HZU23872W;
				GENERATE_INFOPLIST_FILE = YES;
				INFOPLIST_FILE = "todo-list/Info.plist";
				INFOPLIST_KEY_UIApplicationSupportsIndirectInputEvents = YES;
				INFOPLIST_KEY_UILaunchStoryboardName = LaunchScreen;
				INFOPLIST_KEY_UISupportedInterfaceOrientations = "UIInterfaceOrientationPortrait UIInterfaceOrientationLandscapeLeft UIInterfaceOrientationLandscapeRight";
				INFOPLIST_KEY_UISupportedInterfaceOrientations_iPad = "UIInterfaceOrientationPortrait UIInterfaceOrientationPortraitUpsideDown UIInterfaceOrientationLandscapeLeft UIInterfaceOrientationLandscapeRight";
				INFOPLIST_KEY_UISupportedInterfaceOrientations_iPhone = "UIInterfaceOrientationPortrait UIInterfaceOrientationLandscapeLeft UIInterfaceOrientationLandscapeRight";
				IPHONEOS_DEPLOYMENT_TARGET = 15.5;
				LD_RUNPATH_SEARCH_PATHS = (
					"$(inherited)",
					"@executable_path/Frameworks",
				);
				MARKETING_VERSION = 1.0;
				PRODUCT_BUNDLE_IDENTIFIER = "plkv.todo-list";
				PRODUCT_NAME = "$(TARGET_NAME)";
				SWIFT_EMIT_LOC_STRINGS = YES;
				SWIFT_VERSION = 5.0;
				TARGETED_DEVICE_FAMILY = 1;
			};
			name = Debug;
		};
		2751FC1A28958BBF004C8C1C /* Release */ = {
			isa = XCBuildConfiguration;
			baseConfigurationReference = 6942CACC2E6117CB0BC2A409 /* Pods-todo-list.release.xcconfig */;
			buildSettings = {
				ASSETCATALOG_COMPILER_APPICON_NAME = AppIcon;
				ASSETCATALOG_COMPILER_GLOBAL_ACCENT_COLOR_NAME = AccentColor;
				CODE_SIGN_STYLE = Automatic;
				CURRENT_PROJECT_VERSION = 1;
				DEVELOPMENT_TEAM = 7HZU23872W;
				GENERATE_INFOPLIST_FILE = YES;
				INFOPLIST_FILE = "todo-list/Info.plist";
				INFOPLIST_KEY_UIApplicationSupportsIndirectInputEvents = YES;
				INFOPLIST_KEY_UILaunchStoryboardName = LaunchScreen;
				INFOPLIST_KEY_UISupportedInterfaceOrientations = "UIInterfaceOrientationPortrait UIInterfaceOrientationLandscapeLeft UIInterfaceOrientationLandscapeRight";
				INFOPLIST_KEY_UISupportedInterfaceOrientations_iPad = "UIInterfaceOrientationPortrait UIInterfaceOrientationPortraitUpsideDown UIInterfaceOrientationLandscapeLeft UIInterfaceOrientationLandscapeRight";
				INFOPLIST_KEY_UISupportedInterfaceOrientations_iPhone = "UIInterfaceOrientationPortrait UIInterfaceOrientationLandscapeLeft UIInterfaceOrientationLandscapeRight";
				IPHONEOS_DEPLOYMENT_TARGET = 15.5;
				LD_RUNPATH_SEARCH_PATHS = (
					"$(inherited)",
					"@executable_path/Frameworks",
				);
				MARKETING_VERSION = 1.0;
				PRODUCT_BUNDLE_IDENTIFIER = "plkv.todo-list";
				PRODUCT_NAME = "$(TARGET_NAME)";
				SWIFT_EMIT_LOC_STRINGS = YES;
				SWIFT_VERSION = 5.0;
				TARGETED_DEVICE_FAMILY = 1;
			};
			name = Release;
		};
		27F6DA8A2896D99C001EDAF6 /* Debug */ = {
			isa = XCBuildConfiguration;
			buildSettings = {
				BUNDLE_LOADER = "$(TEST_HOST)";
				CODE_SIGN_STYLE = Automatic;
				CURRENT_PROJECT_VERSION = 1;
				DEVELOPMENT_TEAM = 7HZU23872W;
				GENERATE_INFOPLIST_FILE = YES;
				MARKETING_VERSION = 1.0;
				PRODUCT_BUNDLE_IDENTIFIER = "plkv.todo-listTests";
				PRODUCT_NAME = "$(TARGET_NAME)";
				SWIFT_EMIT_LOC_STRINGS = NO;
				SWIFT_VERSION = 5.0;
				TARGETED_DEVICE_FAMILY = "1,2";
				TEST_HOST = "$(BUILT_PRODUCTS_DIR)/todo-list.app/todo-list";
			};
			name = Debug;
		};
		27F6DA8B2896D99C001EDAF6 /* Release */ = {
			isa = XCBuildConfiguration;
			buildSettings = {
				BUNDLE_LOADER = "$(TEST_HOST)";
				CODE_SIGN_STYLE = Automatic;
				CURRENT_PROJECT_VERSION = 1;
				DEVELOPMENT_TEAM = 7HZU23872W;
				GENERATE_INFOPLIST_FILE = YES;
				MARKETING_VERSION = 1.0;
				PRODUCT_BUNDLE_IDENTIFIER = "plkv.todo-listTests";
				PRODUCT_NAME = "$(TARGET_NAME)";
				SWIFT_EMIT_LOC_STRINGS = NO;
				SWIFT_VERSION = 5.0;
				TARGETED_DEVICE_FAMILY = "1,2";
				TEST_HOST = "$(BUILT_PRODUCTS_DIR)/todo-list.app/todo-list";
			};
			name = Release;
		};
/* End XCBuildConfiguration section */

/* Begin XCConfigurationList section */
		2751FBFF28958BBA004C8C1C /* Build configuration list for PBXProject "todo-list" */ = {
			isa = XCConfigurationList;
			buildConfigurations = (
				2751FC1628958BBF004C8C1C /* Debug */,
				2751FC1728958BBF004C8C1C /* Release */,
			);
			defaultConfigurationIsVisible = 0;
			defaultConfigurationName = Release;
		};
		2751FC1828958BBF004C8C1C /* Build configuration list for PBXNativeTarget "todo-list" */ = {
			isa = XCConfigurationList;
			buildConfigurations = (
				2751FC1928958BBF004C8C1C /* Debug */,
				2751FC1A28958BBF004C8C1C /* Release */,
			);
			defaultConfigurationIsVisible = 0;
			defaultConfigurationName = Release;
		};
		27F6DA8C2896D99C001EDAF6 /* Build configuration list for PBXNativeTarget "todo-listTests" */ = {
			isa = XCConfigurationList;
			buildConfigurations = (
				27F6DA8A2896D99C001EDAF6 /* Debug */,
				27F6DA8B2896D99C001EDAF6 /* Release */,
			);
			defaultConfigurationIsVisible = 0;
			defaultConfigurationName = Release;
		};
/* End XCConfigurationList section */
	};
	rootObject = 2751FBFC28958BBA004C8C1C /* Project object */;
}
